
Microsoft Visual Studio Solution File, Format Version 12.00
# Visual Studio Version 17
VisualStudioVersion = 17.4.33205.214
MinimumVisualStudioVersion = 10.0.40219.1
Project("{FAE04EC0-301F-11D3-BF4B-00C04F79EFBC}") = "Sample", "Sample\Sample.csproj", "{5DDC068E-096B-47D8-8D04-56BA28D67FD0}"
EndProject
Global
	GlobalSection(SolutionConfigurationPlatforms) = preSolution
		Debug|Any CPU = Debug|Any CPU
		Release|Any CPU = Release|Any CPU
	EndGlobalSection
	GlobalSection(ProjectConfigurationPlatforms) = postSolution
		{5DDC068E-096B-47D8-8D04-56BA28D67FD0}.Debug|Any CPU.ActiveCfg = Debug|Any CPU
		{5DDC068E-096B-47D8-8D04-56BA28D67FD0}.Debug|Any CPU.Build.0 = Debug|Any CPU
		{5DDC068E-096B-47D8-8D04-56BA28D67FD0}.Release|Any CPU.ActiveCfg = Release|Any CPU
		{5DDC068E-096B-47D8-8D04-56BA28D67FD0}.Release|Any CPU.Build.0 = Release|Any CPU
	EndGlobalSection
	GlobalSection(SolutionProperties) = preSolution
		HideSolutionNode = FALSE
	EndGlobalSection
	GlobalSection(ExtensibilityGlobals) = postSolution
		SolutionGuid = {D4CCF38A-BC71-49E7-8200-23F46EABA8D1}
	EndGlobalSection
EndGlobal
